PODS:
  - Alamofire (5.4.3)
  - OpalImagePicker (3.0.0)
  - SDWebImage (5.11.1):
    - SDWebImage/Core (= 5.11.1)
  - SDWebImage/Core (5.11.1)
  - SideMenu (6.5.0)
  - SnapKit (5.0.1)
  - SwiftyJSON (4.3.0)
  - SwiftyMenu (0.6.5):
    - SnapKit (~> 5.0.1)
  - Toast-Swift (5.0.1)

DEPENDENCIES:
  - Alamofire (~> 5.2)
  - OpalImagePicker
  - SDWebImage (~> 5.0)
  - SideMenu (~> 6.0)
  - SwiftyJSON (~> 4.0)
  - SwiftyMenu (~> 0.6.5)
  - Toast-Swift (~> 5.0.1)

SPEC REPOS:
  trunk:
    - Alamofire
    - OpalImagePicker
    - SDWebImage
    - SideMenu
    - SnapKit
    - SwiftyJSON
    - SwiftyMenu
    - Toast-Swift

SPEC CHECKSUMS:
  Alamofire: e447a2774a40c996748296fa2c55112fdbbc42f9
  OpalImagePicker: 38e772dd93a54431fc516b33e1f337c50f745834
  SDWebImage: a7f831e1a65eb5e285e3fb046a23fcfbf08e696d
  SideMenu: f583187d21c5b1dd04c72002be544b555a2627a2
  SnapKit: 97b92857e3df3a0c71833cce143274bf6ef8e5eb
  SwiftyJSON: 6faa0040f8b59dead0ee07436cbf76b73c08fd08
  SwiftyMenu: 9f38e9a22fb9c01b889d33cc362ffc12de042dd2
  Toast-Swift: 9b6a70f28b3bf0b96c40d46c0c4b9d6639846711

PODFILE CHECKSUM: 5d97796662ff1db10803354ab970a6cf158c4685

COCOAPODS: 1.10.1
